{
  "lockfileVersion": 1,
  "workspaces": {
    "": {
      "name": "paste-it",
      "dependencies": {
        "react": "^19.0.0",
        "react-device-detect": "^2.2.3",
        "react-dom": "^19.0.0",
        "timeago.js": "^4.0.2",
      },
      "devDependencies": {
        "@types/bun": "latest",
        "@types/react": "^19.0.10",
        "@types/react-dom": "^19.0.4",
      },
      "peerDependencies": {
        "typescript": "^5",
      },
    },
  },
  "packages": {
    "@types/bun": ["@types/bun@1.2.4", "", { "dependencies": { "bun-types": "1.2.4" } }, "sha512-QtuV5OMR8/rdKJs213iwXDpfVvnskPXY/S0ZiFbsTjQZycuqPbMW8Gf/XhLfwE5njW8sxI2WjISURXPlHypMFA=="],

    "@types/node": ["@types/node@22.13.8", "", { "dependencies": { "undici-types": "~6.20.0" } }, "sha512-G3EfaZS+iOGYWLLRCEAXdWK9my08oHNZ+FHluRiggIYJPOXzhOiDgpVCUHaUvyIC5/fj7C/p637jdzC666AOKQ=="],

    "@types/react": ["@types/react@19.0.10", "", { "dependencies": { "csstype": "^3.0.2" } }, "sha512-JuRQ9KXLEjaUNjTWpzuR231Z2WpIwczOkBEIvbHNCzQefFIT0L8IqE6NV6ULLyC1SI/i234JnDoMkfg+RjQj2g=="],

    "@types/react-dom": ["@types/react-dom@19.0.4", "", { "peerDependencies": { "@types/react": "^19.0.0" } }, "sha512-4fSQ8vWFkg+TGhePfUzVmat3eC14TXYSsiiDSLI0dVLsrm9gZFABjPy/Qu6TKgl1tq1Bu1yDsuQgY3A3DOjCcg=="],

    "@types/ws": ["@types/ws@8.5.14", "", { "dependencies": { "@types/node": "*" } }, "sha512-bd/YFLW+URhBzMXurx7lWByOu+xzU9+kb3RboOteXYDfW+tr+JZa99OyNmPINEGB/ahzKrEuc8rcv4gnpJmxTw=="],

    "bun-types": ["bun-types@1.2.4", "", { "dependencies": { "@types/node": "*", "@types/ws": "~8.5.10" } }, "sha512-nDPymR207ZZEoWD4AavvEaa/KZe/qlrbMSchqpQwovPZCKc7pwMoENjEtHgMKaAjJhy+x6vfqSBA1QU3bJgs0Q=="],

    "csstype": ["csstype@3.1.3", "", {}, "sha512-M1uQkMl8rQK/szD0LNhtqxIPLpimGm8sOBwU7lLnCpSbTyY3yeU1Vc7l4KT5zT4s/yOxHH5O7tIuuLOCnLADRw=="],

    "react": ["react@19.0.0", "", {}, "sha512-V8AVnmPIICiWpGfm6GLzCR/W5FXLchHop40W4nXBmdlEceh16rCN8O8LNWm5bh5XUX91fh7KpA+W0TgMKmgTpQ=="],

    "react-device-detect": ["react-device-detect@2.2.3", "", { "dependencies": { "ua-parser-js": "^1.0.33" }, "peerDependencies": { "react": ">= 0.14.0", "react-dom": ">= 0.14.0" } }, "sha512-buYY3qrCnQVlIFHrC5UcUoAj7iANs/+srdkwsnNjI7anr3Tt7UY6MqNxtMLlr0tMBied0O49UZVK8XKs3ZIiPw=="],

    "react-dom": ["react-dom@19.0.0", "", { "dependencies": { "scheduler": "^0.25.0" }, "peerDependencies": { "react": "^19.0.0" } }, "sha512-4GV5sHFG0e/0AD4X+ySy6UJd3jVl1iNsNHdpad0qhABJ11twS3TTBnseqsKurKcsNqCEFeGL3uLpVChpIO3QfQ=="],

    "scheduler": ["scheduler@0.25.0", "", {}, "sha512-xFVuu11jh+xcO7JOAGJNOXld8/TcEHK/4CituBUeUb5hqxJLj9YuemAEuvm9gQ/+pgXYfbQuqAkiYu+u7YEsNA=="],

    "timeago.js": ["timeago.js@4.0.2", "", {}, "sha512-a7wPxPdVlQL7lqvitHGGRsofhdwtkoSXPGATFuSOA2i1ZNQEPLrGnj68vOp2sOJTCFAQVXPeNMX/GctBaO9L2w=="],

    "typescript": ["typescript@5.8.2", "", { "bin": { "tsc": "bin/tsc", "tsserver": "bin/tsserver" } }, "sha512-aJn6wq13/afZp/jT9QZmwEjDqqvSGp1VT5GVg+f/t6/oVyrgXM6BY1h9BRh/O5p3PlUPAe+WuiEZOmb/49RqoQ=="],

    "ua-parser-js": ["ua-parser-js@1.0.40", "", { "bin": { "ua-parser-js": "script/cli.js" } }, "sha512-z6PJ8Lml+v3ichVojCiB8toQJBuwR42ySM4ezjXIqXK3M0HczmKQ3LF4rhU55PfD99KEEXQG6yb7iOMyvYuHew=="],

    "undici-types": ["undici-types@6.20.0", "", {}, "sha512-Ny6QZ2Nju20vw1SRHe3d9jVu6gJ+4e3+MMpqu7pqE5HT6WsTSlce++GQmK5UXS8mzV8DSYHrQH+Xrf2jVcuKNg=="],
  }
}
